// !$*UTF8*$!
{
	archiveVersion = 1;
	classes = {
	};
	objectVersion = 46;
	objects = {

/* Begin PBXBuildFile section */
		47742A6F1DA8DC66000ADBCB /* AppDelegate.swift in Sources */ = {isa = PBXBuildFile; fileRef = 47742A6E1DA8DC66000ADBCB /* AppDelegate.swift */; };
		47742A711DA8DC66000ADBCB /* ViewController.swift in Sources */ = {isa = PBXBuildFile; fileRef = 47742A701DA8DC66000ADBCB /* ViewController.swift */; };
		47742A741DA8DC66000ADBCB /* Main.storyboard in Resources */ = {isa = PBXBuildFile; fileRef = 47742A721DA8DC66000ADBCB /* Main.storyboard */; };
		47742A761DA8DC66000ADBCB /* Assets.xcassets in Resources */ = {isa = PBXBuildFile; fileRef = 47742A751DA8DC66000ADBCB /* Assets.xcassets */; };
		47742A791DA8DC66000ADBCB /* LaunchScreen.storyboard in Resources */ = {isa = PBXBuildFile; fileRef = 47742A771DA8DC66000ADBCB /* LaunchScreen.storyboard */; };
		47742A811DA8DDF6000ADBCB /* TraitViewController.swift in Sources */ = {isa = PBXBuildFile; fileRef = 47742A801DA8DDF6000ADBCB /* TraitViewController.swift */; };
		47742A831DA8E5E5000ADBCB /* README.md in Sources */ = {isa = PBXBuildFile; fileRef = 47742A821DA8E5E5000ADBCB /* README.md */; };
/* End PBXBuildFile section */

/* Begin PBXFileReference section */
		47742A6B1DA8DC66000ADBCB /* test.app */ = {isa = PBXFileReference; explicitFileType = wrapper.application; includeInIndex = 0; path = test.app; sourceTree = BUILT_PRODUCTS_DIR; };
		47742A6E1DA8DC66000ADBCB /* AppDelegate.swift */ = {isa = PBXFileReference; lastKnownFileType = sourcecode.swift; path = AppDelegate.swift; sourceTree = "<group>"; };
		47742A701DA8DC66000ADBCB /* ViewController.swift */ = {isa = PBXFileReference; lastKnownFileType = sourcecode.swift; path = ViewController.swift; sourceTree = "<group>"; };
		47742A731DA8DC66000ADBCB /* Base */ = {isa = PBXFileReference; lastKnownFileType = file.storyboard; name = Base; path = Base.lproj/Main.storyboard; sourceTree = "<group>"; };
		47742A751DA8DC66000ADBCB /* Assets.xcassets */ = {isa = PBXFileReference; lastKnownFileType = folder.assetcatalog; path = Assets.xcassets; sourceTree = "<group>"; };
		47742A781DA8DC66000ADBCB /* Base */ = {isa = PBXFileReference; lastKnownFileType = file.storyboard; name = Base; path = Base.lproj/LaunchScreen.storyboard; sourceTree = "<group>"; };
		47742A7A1DA8DC66000ADBCB /* Info.plist */ = {isa = PBXFileReference; lastKnownFileType = text.plist.xml; path = Info.plist; sourceTree = "<group>"; };
		47742A801DA8DDF6000ADBCB /* TraitViewController.swift */ = {isa = PBXFileReference; fileEncoding = 4; lastKnownFileType = sourcecode.swift; path = TraitViewController.swift; sourceTree = "<group>"; };
		47742A821DA8E5E5000ADBCB /* README.md */ = {isa = PBXFileReference; fileEncoding = 4; lastKnownFileType = net.daringfireball.markdown; path = README.md; sourceTree = SOURCE_ROOT; };
/* End PBXFileReference section */

/* Begin PBXFrameworksBuildPhase section */
		47742A681DA8DC66000ADBCB /* Frameworks */ = {
			isa = PBXFrameworksBuildPhase;
			buildActionMask = 2147483647;
			files = (
			);
			runOnlyForDeploymentPostprocessing = 0;
		};
/* End PBXFrameworksBuildPhase section */

/* Begin PBXGroup section */
		47742A621DA8DC66000ADBCB = {
			isa = PBXGroup;
			children = (
				47742A6D1DA8DC66000ADBCB /* test */,
				47742A6C1DA8DC66000ADBCB /* Products */,
			);
			sourceTree = "<group>";
		};
		47742A6C1DA8DC66000ADBCB /* Products */ = {
			isa = PBXGroup;
			children = (
				47742A6B1DA8DC66000ADBCB /* test.app */,
			);
			name = Products;
			sourceTree = "<group>";
		};
		47742A6D1DA8DC66000ADBCB /* test */ = {
			isa = PBXGroup;
			children = (
				47742A821DA8E5E5000ADBCB /* README.md */,
				47742A6E1DA8DC66000ADBCB /* AppDelegate.swift */,
				47742A701DA8DC66000ADBCB /* ViewController.swift */,
				47742A801DA8DDF6000ADBCB /* TraitViewController.swift */,
				47742A721DA8DC66000ADBCB /* Main.storyboard */,
				47742A751DA8DC66000ADBCB /* Assets.xcassets */,
				47742A771DA8DC66000ADBCB /* LaunchScreen.storyboard */,
				47742A7A1DA8DC66000ADBCB /* Info.plist */,
			);
			path = test;
			sourceTree = "<group>";
		};
/* End PBXGroup section */

/* Begin PBXNativeTarget section */
		47742A6A1DA8DC66000ADBCB /* test */ = {
			isa = PBXNativeTarget;
			buildConfigurationList = 47742A7D1DA8DC66000ADBCB /* Build configuration list for PBXNativeTarget "test" */;
			buildPhases = (
				47742A671DA8DC66000ADBCB /* Sources */,
				47742A681DA8DC66000ADBCB /* Frameworks */,
				47742A691DA8DC66000ADBCB /* Resources */,
			);
			buildRules = (
			);
			dependencies = (
			);
			name = test;
			productName = test;
			productReference = 47742A6B1DA8DC66000ADBCB /* test.app */;
			productType = "com.apple.product-type.application";
		};
/* End PBXNativeTarget section */

/* Begin PBXProject section */
		47742A631DA8DC66000ADBCB /* Project object */ = {
			isa = PBXProject;
			attributes = {
				LastSwiftUpdateCheck = 0800;
				LastUpgradeCheck = 0800;
				ORGANIZATIONNAME = ronatory;
				TargetAttributes = {
					47742A6A1DA8DC66000ADBCB = {
						CreatedOnToolsVersion = 8.0;
						ProvisioningStyle = Automatic;
					};
				};
			};
			buildConfigurationList = 47742A661DA8DC66000ADBCB /* Build configuration list for PBXProject "test" */;
			compatibilityVersion = "Xcode 3.2";
			developmentRegion = English;
			hasScannedForEncodings = 0;
			knownRegions = (
				en,
				Base,
			);
			mainGroup = 47742A621DA8DC66000ADBCB;
			productRefGroup = 47742A6C1DA8DC66000ADBCB /* Products */;
			projectDirPath = "";
			projectRoot = "";
			targets = (
				47742A6A1DA8DC66000ADBCB /* test */,
			);
		};
/* End PBXProject section */

/* Begin PBXResourcesBuildPhase section */
		47742A691DA8DC66000ADBCB /* Resources */ = {
			isa = PBXResourcesBuildPhase;
			buildActionMask = 2147483647;
			files = (
				47742A791DA8DC66000ADBCB /* LaunchScreen.storyboard in Resources */,
				47742A761DA8DC66000ADBCB /* Assets.xcassets in Resources */,
				47742A741DA8DC66000ADBCB /* Main.storyboard in Resources */,
			);
			runOnlyForDeploymentPostprocessing = 0;
		};
/* End PBXResourcesBuildPhase section */

/* Begin PBXSourcesBuildPhase section */
		47742A671DA8DC66000ADBCB /* Sources */ = {
			isa = PBXSourcesBuildPhase;
			buildActionMask = 2147483647;
			files = (
				47742A711DA8DC66000ADBCB /* ViewController.swift in Sources */,
				47742A6F1DA8DC66000ADBCB /* AppDelegate.swift in Sources */,
				47742A831DA8E5E5000ADBCB /* README.md in Sources */,
				47742A811DA8DDF6000ADBCB /* TraitViewController.swift in Sources */,
			);
			runOnlyForDeploymentPostprocessing = 0;
		};
/* End PBXSourcesBuildPhase section */

/* Begin PBXVariantGroup section */
		47742A721DA8DC66000ADBCB /* Main.storyboard */ = {
			isa = PBXVariantGroup;
			children = (
				47742A731DA8DC66000ADBCB /* Base */,
			);
			name = Main.storyboard;
			sourceTree = "<group>";
		};
		47742A771DA8DC66000ADBCB /* LaunchScreen.storyboard */ = {
			isa = PBXVariantGroup;
			children = (
				47742A781DA8DC66000ADBCB /* Base */,
			);
			name = LaunchScreen.storyboard;
			sourceTree = "<group>";
		};
/* End PBXVariantGroup section */

/* Begin XCBuildConfiguration section */
		47742A7B1DA8DC66000ADBCB /* Debug */ = {
			isa = XCBuildConfiguration;
			buildSettings = {
				ALWAYS_SEARCH_USER_PATHS = NO;
				CLANG_ANALYZER_NONNULL = YES;
				CLANG_CXX_LANGUAGE_STANDARD = "gnu++0x";
				CLANG_CXX_LIBRARY = "libc++";
				CLANG_ENABLE_MODULES = YES;
				CLANG_ENABLE_OBJC_ARC = YES;
				CLANG_WARN_BOOL_CONVERSION = YES;
				CLANG_WARN_CONSTANT_CONVERSION = YES;
				CLANG_WARN_DIRECT_OBJC_ISA_USAGE = YES_ERROR;
				CLANG_WARN_DOCUMENTATION_COMMENTS = YES;
				CLANG_WARN_EMPTY_BODY = YES;
				CLANG_WARN_ENUM_CONVERSION = YES;
				CLANG_WARN_INFINITE_RECURSION = YES;
				CLANG_WARN_INT_CONVERSION = YES;
				CLANG_WARN_OBJC_ROOT_CLASS = YES_ERROR;
				CLANG_WARN_SUSPICIOUS_MOVES = YES;
				CLANG_WARN_UNREACHABLE_CODE = YES;
				CLANG_WARN__DUPLICATE_METHOD_MATCH = YES;
				"CODE_SIGN_IDENTITY[sdk=iphoneos*]" = "iPhone Developer";
				COPY_PHASE_STRIP = NO;
				DEBUG_INFORMATION_FORMAT = dwarf;
				ENABLE_STRICT_OBJC_MSGSEND = YES;
				ENABLE_TESTABILITY = YES;
				GCC_C_LANGUAGE_STANDARD = gnu99;
				GCC_DYNAMIC_NO_PIC = NO;
				GCC_NO_COMMON_BLOCKS = YES;
				GCC_OPTIMIZATION_LEVEL = 0;
				GCC_PREPROCESSOR_DEFINITIONS = (
					"DEBUG=1",
					"$(inherited)",
				);
				GCC_WARN_64_TO_32_BIT_CONVERSION = YES;
				GCC_WARN_ABOUT_RETURN_TYPE = YES_ERROR;
				GCC_WARN_UNDECLARED_SELECTOR = YES;
				GCC_WARN_UNINITIALIZED_AUTOS = YES_AGGRESSIVE;
				GCC_WARN_UNUSED_FUNCTION = YES;
				GCC_WARN_UNUSED_VARIABLE = YES;
				IPHONEOS_DEPLOYMENT_TARGET = 10.0;
				MTL_ENABLE_DEBUG_INFO = YES;
				ONLY_ACTIVE_ARCH = YES;
				SDKROOT = iphoneos;
				SWIFT_ACTIVE_COMPILATION_CONDITIONS = DEBUG;
				SWIFT_OPTIMIZATION_LEVEL = "-Onone";
			};
			name = Debug;
		};
		47742A7C1DA8DC66000ADBCB /* Release */ = {
			isa = XCBuildConfiguration;
			buildSettings = {
				ALWAYS_SEARCH_USER_PATHS = NO;
				CLANG_ANALYZER_NONNULL = YES;
				CLANG_CXX_LANGUAGE_STANDARD = "gnu++0x";
				CLANG_CXX_LIBRARY = "libc++";
				CLANG_ENABLE_MODULES = YES;
				CLANG_ENABLE_OBJC_ARC = YES;
				CLANG_WARN_BOOL_CONVERSION = YES;
				CLANG_WARN_CONSTANT_CONVERSION = YES;
				CLANG_WARN_DIRECT_OBJC_ISA_USAGE = YES_ERROR;
				CLANG_WARN_DOCUMENTATION_COMMENTS = YES;
				CLANG_WARN_EMPTY_BODY = YES;
				CLANG_WARN_ENUM_CONVERSION = YES;
				CLANG_WARN_INFINITE_RECURSION = YES;
				CLANG_WARN_INT_CONVERSION = YES;
				CLANG_WARN_OBJC_ROOT_CLASS = YES_ERROR;
				CLANG_WARN_SUSPICIOUS_MOVES = YES;
				CLANG_WARN_UNREACHABLE_CODE = YES;
				CLANG_WARN__DUPLICATE_METHOD_MATCH = YES;
				"CODE_SIGN_IDENTITY[sdk=iphoneos*]" = "iPhone Developer";
				COPY_PHASE_STRIP = NO;
				DEBUG_INFORMATION_FORMAT = "dwarf-with-dsym";
				ENABLE_NS_ASSERTIONS = NO;
				ENABLE_STRICT_OBJC_MSGSEND = YES;
				GCC_C_LANGUAGE_STANDARD = gnu99;
				GCC_NO_COMMON_BLOCKS = YES;
				GCC_WARN_64_TO_32_BIT_CONVERSION = YES;
				GCC_WARN_ABOUT_RETURN_TYPE = YES_ERROR;
				GCC_WARN_UNDECLARED_SELECTOR = YES;
				GCC_WARN_UNINITIALIZED_AUTOS = YES_AGGRESSIVE;
				GCC_WARN_UNUSED_FUNCTION = YES;
				GCC_WARN_UNUSED_VARIABLE = YES;
				IPHONEOS_DEPLOYMENT_TARGET = 10.0;
				MTL_ENABLE_DEBUG_INFO = NO;
				SDKROOT = iphoneos;
				SWIFT_OPTIMIZATION_LEVEL = "-Owholemodule";
				VALIDATE_PRODUCT = YES;
			};
			name = Release;
		};
		47742A7E1DA8DC66000ADBCB /* Debug */ = {
			isa = XCBuildConfiguration;
			buildSettings = {
				ASSETCATALOG_COMPILER_APPICON_NAME = AppIcon;
				INFOPLIST_FILE = test/Info.plist;
				LD_RUNPATH_SEARCH_PATHS = "$(inherited) @executable_path/Frameworks";
				PRODUCT_BUNDLE_IDENTIFIER = com.ron.test;
				PRODUCT_NAME = "$(TARGET_NAME)";
				SWIFT_VERSION = 3.0;
			};
			name = Debug;
		};
		47742A7F1DA8DC66000ADBCB /* Release */ = {
			isa = XCBuildConfiguration;
			buildSettings = {
				ASSETCATALOG_COMPILER_APPICON_NAME = AppIcon;
				INFOPLIST_FILE = test/Info.plist;
				LD_RUNPATH_SEARCH_PATHS = "$(inherited) @executable_path/Frameworks";
				PRODUCT_BUNDLE_IDENTIFIER = com.ron.test;
				PRODUCT_NAME = "$(TARGET_NAME)";
				SWIFT_VERSION = 3.0;
			};
			name = Release;
		};
/* End XCBuildConfiguration section */

/* Begin XCConfigurationList section */
		47742A661DA8DC66000ADBCB /* Build configuration list for PBXProject "test" */ = {
			isa = XCConfigurationList;
			buildConfigurations = (
				47742A7B1DA8DC66000ADBCB /* Debug */,
				47742A7C1DA8DC66000ADBCB /* Release */,
			);
			defaultConfigurationIsVisible = 0;
			defaultConfigurationName = Release;
		};
		47742A7D1DA8DC66000ADBCB /* Build configuration list for PBXNativeTarget "test" */ = {
			isa = XCConfigurationList;
			buildConfigurations = (
				47742A7E1DA8DC66000ADBCB /* Debug */,
				47742A7F1DA8DC66000ADBCB /* Release */,
			);
			defaultConfigurationIsVisible = 0;
			defaultConfigurationName = Release;
		};
/* End XCConfigurationList section */
	};
	rootObject = 47742A631DA8DC66000ADBCB /* Project object */;
}
